
Microsoft Visual Studio Solution File, Format Version 12.00
# Visual Studio Version 16
VisualStudioVersion = 16.0.31205.134
MinimumVisualStudioVersion = 10.0.40219.1
Project("{FAE04EC0-301F-11D3-BF4B-00C04F79EFBC}") = "com.tweetapp", "com.tweetapp.csproj", "{526723D9-0E84-44A5-8E05-E30B1AA82D3B}"
EndProject
Global
	GlobalSection(SolutionConfigurationPlatforms) = preSolution
		Debug|Any CPU = Debug|Any CPU
		Release|Any CPU = Release|Any CPU
	EndGlobalSection
	GlobalSection(ProjectConfigurationPlatforms) = postSolution
		{526723D9-0E84-44A5-8E05-E30B1AA82D3B}.Debug|Any CPU.ActiveCfg = Debug|Any CPU
		{526723D9-0E84-44A5-8E05-E30B1AA82D3B}.Debug|Any CPU.Build.0 = Debug|Any CPU
		{526723D9-0E84-44A5-8E05-E30B1AA82D3B}.Release|Any CPU.ActiveCfg = Release|Any CPU
		{526723D9-0E84-44A5-8E05-E30B1AA82D3B}.Release|Any CPU.Build.0 = Release|Any CPU
	EndGlobalSection
	GlobalSection(SolutionProperties) = preSolution
		HideSolutionNode = FALSE
	EndGlobalSection
	GlobalSection(ExtensibilityGlobals) = postSolution
		SolutionGuid = {2CD91F12-246D-449F-A325-5C8221CA49A1}
	EndGlobalSection
EndGlobal
